# THIS IS AN AUTOGENERATED FILE. DO NOT EDIT THIS FILE DIRECTLY.
# yarn lockfile v1


decompress-response@^3.2.0:
  version "3.3.0"
  resolved "https://unpm.uberinternal.com/decompress-response/-/decompress-response-3.3.0.tgz#80a4dd323748384bfa248083622aedec982adff3"
  integrity sha1-gKTdMjdIOEv6JICDYirt7Jgq3/M=
  dependencies:
    mimic-response "^1.0.0"

duplexer3@^0.1.4:
  version "0.1.4"
  resolved "https://unpm.uberinternal.com/duplexer3/-/duplexer3-0.1.4.tgz#ee01dd1cac0ed3cbc7fdbea37dc0a8f1ce002ce2"
  integrity sha1-7gHdHKwO08vH/b6jfcCo8c4ALOI=

get-stream@^3.0.0:
  version "3.0.0"
  resolved "https://unpm.uberinternal.com/get-stream/-/get-stream-3.0.0.tgz#8e943d1358dc37555054ecbe2edb05aa174ede14"
  integrity sha1-jpQ9E1jcN1VQVOy+LtsFqhdO3hQ=

got@^7.1.0:
  version "7.1.0"
  resolved "https://unpm.uberinternal.com/got/-/got-7.1.0.tgz#05450fd84094e6bbea56f451a43a9c289166385a"
  integrity sha1-BUUP2ECU5rvqVvRRpDqcKJFmOFo=
  dependencies:
    decompress-response "^3.2.0"
    duplexer3 "^0.1.4"
    get-stream "^3.0.0"
    is-plain-obj "^1.1.0"
    is-retry-allowed "^1.0.0"
    is-stream "^1.0.0"
    isurl "^1.0.0-alpha5"
    lowercase-keys "^1.0.0"
    p-cancelable "^0.3.0"
    p-timeout "^1.1.1"
    safe-buffer "^5.0.1"
    timed-out "^4.0.0"
    url-parse-lax "^1.0.0"
    url-to-options "^1.0.1"

has-symbol-support-x@^1.4.1:
  version "1.4.2"
  resolved "https://unpm.uberinternal.com/has-symbol-support-x/-/has-symbol-support-x-1.4.2.tgz#1409f98bc00247da45da67cee0a36f282ff26455"
  integrity sha1-FAn5i8ACR9pF2mfO4KNvKC/yZFU=

has-to-string-tag-x@^1.2.0:
  version "1.4.1"
  resolved "https://unpm.uberinternal.com/has-to-string-tag-x/-/has-to-string-tag-x-1.4.1.tgz#a045ab383d7b4b2012a00148ab0aa5f290044d4d"
  integrity sha1-oEWrOD17SyASoAFIqwql8pAETU0=
  dependencies:
    has-symbol-support-x "^1.4.1"

is-object@^1.0.1:
  version "1.0.1"
  resolved "https://unpm.uberinternal.com/is-object/-/is-object-1.0.1.tgz#8952688c5ec2ffd6b03ecc85e769e02903083470"
  integrity sha1-iVJojF7C/9awPsyF52ngKQMINHA=

is-plain-obj@^1.1.0:
  version "1.1.0"
  resolved "https://unpm.uberinternal.com/is-plain-obj/-/is-plain-obj-1.1.0.tgz#71a50c8429dfca773c92a390a4a03b39fcd51d3e"
  integrity sha1-caUMhCnfync8kqOQpKA7OfzVHT4=

is-retry-allowed@^1.0.0:
  version "1.2.0"
  resolved "https://unpm.uberinternal.com/is-retry-allowed/-/is-retry-allowed-1.2.0.tgz#d778488bd0a4666a3be8a1482b9f2baafedea8b4"
  integrity sha1-13hIi9CkZmo76KFIK58rqv7eqLQ=

is-stream@^1.0.0:
  version "1.1.0"
  resolved "https://unpm.uberinternal.com/is-stream/-/is-stream-1.1.0.tgz#12d4a3dd4e68e0b79ceb8dbc84173ae80d91ca44"
  integrity sha1-EtSj3U5o4Lec6428hBc66A2RykQ=

isurl@^1.0.0-alpha5:
  version "1.0.0"
  resolved "https://unpm.uberinternal.com/isurl/-/isurl-1.0.0.tgz#b27f4f49f3cdaa3ea44a0a5b7f3462e6edc39d67"
  integrity sha1-sn9PSfPNqj6kSgpbfzRi5u3DnWc=
  dependencies:
    has-to-string-tag-x "^1.2.0"
    is-object "^1.0.1"

kraken-api@^1.0.0:
  version "1.0.0"
  resolved "https://unpm.uberinternal.com/kraken-api/-/kraken-api-1.0.0.tgz#d125ca5c906b1b76b0b7126862cdf15969fd9fc4"
  integrity sha1-0SXKXJBrG3awtxJoYs3xWWn9n8Q=
  dependencies:
    got "^7.1.0"
    qs ">=6.4.0"

lowercase-keys@^1.0.0:
  version "1.0.1"
  resolved "https://unpm.uberinternal.com/lowercase-keys/-/lowercase-keys-1.0.1.tgz#6f9e30b47084d971a7c820ff15a6c5167b74c26f"
  integrity sha1-b54wtHCE2XGnyCD/FabFFnt0wm8=

mimic-response@^1.0.0:
  version "1.0.1"
  resolved "https://unpm.uberinternal.com/mimic-response/-/mimic-response-1.0.1.tgz#4923538878eef42063cb8a3e3b0798781487ab1b"
  integrity sha1-SSNTiHju9CBjy4o+OweYeBSHqxs=

p-cancelable@^0.3.0:
  version "0.3.0"
  resolved "https://unpm.uberinternal.com/p-cancelable/-/p-cancelable-0.3.0.tgz#b9e123800bcebb7ac13a479be195b507b98d30fa"
  integrity sha1-ueEjgAvOu3rBOkeb4ZW1B7mNMPo=

p-finally@^1.0.0:
  version "1.0.0"
  resolved "https://unpm.uberinternal.com/p-finally/-/p-finally-1.0.0.tgz#3fbcfb15b899a44123b34b6dcc18b724336a2cae"
  integrity sha1-P7z7FbiZpEEjs0ttzBi3JDNqLK4=

p-timeout@^1.1.1:
  version "1.2.1"
  resolved "https://unpm.uberinternal.com/p-timeout/-/p-timeout-1.2.1.tgz#5eb3b353b7fce99f101a1038880bb054ebbea386"
  integrity sha1-XrOzU7f86Z8QGhA4iAuwVOu+o4Y=
  dependencies:
    p-finally "^1.0.0"

prepend-http@^1.0.1:
  version "1.0.4"
  resolved "https://unpm.uberinternal.com/prepend-http/-/prepend-http-1.0.4.tgz#d4f4562b0ce3696e41ac52d0e002e57a635dc6dc"
  integrity sha1-1PRWKwzjaW5BrFLQ4ALlemNdxtw=

qs@>=6.4.0:
  version "6.9.3"
  resolved "https://unpm.uberinternal.com/qs/-/qs-6.9.3.tgz#bfadcd296c2d549f1dffa560619132c977f5008e"
  integrity sha1-v63NKWwtVJ8d/6VgYZEyyXf1AI4=

safe-buffer@^5.0.1:
  version "5.2.0"
  resolved "https://unpm.uberinternal.com/safe-buffer/-/safe-buffer-5.2.0.tgz#b74daec49b1148f88c64b68d49b1e815c1f2f519"
  integrity sha1-t02uxJsRSPiMZLaNSbHoFcHy9Rk=

timed-out@^4.0.0:
  version "4.0.1"
  resolved "https://unpm.uberinternal.com/timed-out/-/timed-out-4.0.1.tgz#f32eacac5a175bea25d7fab565ab3ed8741ef56f"
  integrity sha1-8y6srFoXW+ol1/q1Zas+2HQe9W8=

url-parse-lax@^1.0.0:
  version "1.0.0"
  resolved "https://unpm.uberinternal.com/url-parse-lax/-/url-parse-lax-1.0.0.tgz#7af8f303645e9bd79a272e7a14ac68bc0609da73"
  integrity sha1-evjzA2Rem9eaJy56FKxovAYJ2nM=
  dependencies:
    prepend-http "^1.0.1"

url-to-options@^1.0.1:
  version "1.0.1"
  resolved "https://unpm.uberinternal.com/url-to-options/-/url-to-options-1.0.1.tgz#1505a03a289a48cbd7a434efbaeec5055f5633a9"
  integrity sha1-FQWgOiiaSMvXpDTvuu7FBV9WM6k=
